
Microsoft Visual Studio Solution File, Format Version 12.00
# Visual Studio Version 17
VisualStudioVersion = 17.5.002.0
MinimumVisualStudioVersion = 10.0.40219.1
Project("{9A19103F-16F7-4668-BE54-9A1E7A4F7556}") = "Terrain2D", "Terrain2D.csproj", "{3A3A549D-CE70-4D5B-A5BE-C7D60AA9E17F}"
EndProject
Global
	GlobalSection(SolutionConfigurationPlatforms) = preSolution
		Debug|Any CPU = Debug|Any CPU
		Release|Any CPU = Release|Any CPU
	EndGlobalSection
	GlobalSection(ProjectConfigurationPlatforms) = postSolution
		{3A3A549D-CE70-4D5B-A5BE-C7D60AA9E17F}.Debug|Any CPU.ActiveCfg = Debug|Any CPU
		{3A3A549D-CE70-4D5B-A5BE-C7D60AA9E17F}.Debug|Any CPU.Build.0 = Debug|Any CPU
		{3A3A549D-CE70-4D5B-A5BE-C7D60AA9E17F}.Release|Any CPU.ActiveCfg = Release|Any CPU
		{3A3A549D-CE70-4D5B-A5BE-C7D60AA9E17F}.Release|Any CPU.Build.0 = Release|Any CPU
	EndGlobalSection
	GlobalSection(SolutionProperties) = preSolution
		HideSolutionNode = FALSE
	EndGlobalSection
	GlobalSection(ExtensibilityGlobals) = postSolution
		SolutionGuid = {0336C0B8-C6C1-42DC-BDE8-E1619AF621C2}
	EndGlobalSection
EndGlobal
