
Microsoft Visual Studio Solution File, Format Version 12.00
# Visual Studio Version 17
VisualStudioVersion = 17.5.002.0
MinimumVisualStudioVersion = 10.0.40219.1
Project("{9A19103F-16F7-4668-BE54-9A1E7A4F7556}") = "solarsystem", "solarsystem\solarsystem.csproj", "{9BCA9C92-5739-4D72-80A3-9CF9C250F586}"
EndProject
Project("{FAE04EC0-301F-11D3-BF4B-00C04F79EFBC}") = "celestialgen", "celestialgen\celestialgen.csproj", "{3C002278-D072-4DA5-9BA1-5A119F6194D6}"
EndProject
Global
	GlobalSection(SolutionConfigurationPlatforms) = preSolution
		Debug|Any CPU = Debug|Any CPU
		Release|Any CPU = Release|Any CPU
	EndGlobalSection
	GlobalSection(ProjectConfigurationPlatforms) = postSolution
		{9BCA9C92-5739-4D72-80A3-9CF9C250F586}.Debug|Any CPU.ActiveCfg = Debug|Any CPU
		{9BCA9C92-5739-4D72-80A3-9CF9C250F586}.Debug|Any CPU.Build.0 = Debug|Any CPU
		{9BCA9C92-5739-4D72-80A3-9CF9C250F586}.Release|Any CPU.ActiveCfg = Release|Any CPU
		{9BCA9C92-5739-4D72-80A3-9CF9C250F586}.Release|Any CPU.Build.0 = Release|Any CPU
		{3C002278-D072-4DA5-9BA1-5A119F6194D6}.Debug|Any CPU.ActiveCfg = Debug|Any CPU
		{3C002278-D072-4DA5-9BA1-5A119F6194D6}.Debug|Any CPU.Build.0 = Debug|Any CPU
		{3C002278-D072-4DA5-9BA1-5A119F6194D6}.Release|Any CPU.ActiveCfg = Release|Any CPU
		{3C002278-D072-4DA5-9BA1-5A119F6194D6}.Release|Any CPU.Build.0 = Release|Any CPU
	EndGlobalSection
	GlobalSection(SolutionProperties) = preSolution
		HideSolutionNode = FALSE
	EndGlobalSection
	GlobalSection(ExtensibilityGlobals) = postSolution
		SolutionGuid = {F2CA9685-F74D-47BD-A535-EA201E3E50D9}
	EndGlobalSection
EndGlobal
